
Microsoft Visual Studio Solution File, Format Version 12.00
# Visual Studio 2013
VisualStudioVersion = 12.0.21005.1
MinimumVisualStudioVersion = 10.0.40219.1
Project("{F184B08F-C81C-45F6-A57F-5ABD9991F28F}") = "ADMINRECURSOSISMOCOL", "ADMINRECURSOSISMOCOL\ADMINRECURSOSISMOCOL.vbproj", "{3BA66436-B684-4525-BB44-27B5A6917833}"
	ProjectSection(ProjectDependencies) = postProject
		{87CF2479-026B-4D80-A3B2-D86B3118C203} = {87CF2479-026B-4D80-A3B2-D86B3118C203}
		{36C82D80-FD65-40D0-93A1-341C8A9B39A0} = {36C82D80-FD65-40D0-93A1-341C8A9B39A0}
	EndProjectSection
EndProject
Project("{F184B08F-C81C-45F6-A57F-5ABD9991F28F}") = "Persona", "persona\Persona.vbproj", "{14B41A64-EBF0-4BBA-8E9D-48FD4F95D46C}"
EndProject
Project("{F184B08F-C81C-45F6-A57F-5ABD9991F28F}") = "Informe", "informe\Informe.vbproj", "{8A34664B-13DD-4CD0-A558-3604CCCEA066}"
EndProject
Project("{F184B08F-C81C-45F6-A57F-5ABD9991F28F}") = "Clasesbase", "Clasesbase\Clasesbase.vbproj", "{6258153E-6A9F-452F-891C-A5FC040B49AB}"
EndProject
Project("{F184B08F-C81C-45F6-A57F-5ABD9991F28F}") = "Conexión", "conexión\Conexión.vbproj", "{C081C987-27F7-4675-83C9-9D30EF0A7F77}"
EndProject
Project("{F184B08F-C81C-45F6-A57F-5ABD9991F28F}") = "Impresión", "Impresión\Impresión.vbproj", "{7F53289D-579E-40C7-869E-D863D3559B62}"
EndProject
Project("{F184B08F-C81C-45F6-A57F-5ABD9991F28F}") = "VariablesBase", "VariablesBase\VariablesBase.vbproj", "{87CF2479-026B-4D80-A3B2-D86B3118C203}"
EndProject
Project("{F184B08F-C81C-45F6-A57F-5ABD9991F28F}") = "FuncionesBase", "FuncionesBase\FuncionesBase.vbproj", "{36C82D80-FD65-40D0-93A1-341C8A9B39A0}"
EndProject
Project("{F184B08F-C81C-45F6-A57F-5ABD9991F28F}") = "Dscomunes", "Dscomunes\Dscomunes.vbproj", "{05000DB6-7E0D-4EBD-9116-5317E3C22180}"
EndProject
Project("{F184B08F-C81C-45F6-A57F-5ABD9991F28F}") = "Auditoria", "Auditoria\Auditoria.vbproj", "{7D63AFF5-6E42-484D-9B5B-B97EA8DB0C75}"
EndProject
Project("{F184B08F-C81C-45F6-A57F-5ABD9991F28F}") = "ActivosFijos", "ActivosFijos\ActivosFijos.vbproj", "{F30ACACA-0B68-435A-AB76-9FBA5D1CF4D4}"
EndProject
Project("{F184B08F-C81C-45F6-A57F-5ABD9991F28F}") = "Compras", "Compras\Compras.vbproj", "{1B7C4E05-851A-4AC0-8D4B-AD37E8B2E0B6}"
EndProject
Project("{F184B08F-C81C-45F6-A57F-5ABD9991F28F}") = "Bodega", "Bodega\Bodega.vbproj", "{A2B249B8-6EEF-4AA8-88E6-5A742AA6B2A1}"
EndProject
Project("{F184B08F-C81C-45F6-A57F-5ABD9991F28F}") = "Articulos", "Articulos\Articulos.vbproj", "{247D92D1-71F9-40D5-8B92-8B3BDAFF9072}"
EndProject
Project("{F184B08F-C81C-45F6-A57F-5ABD9991F28F}") = "Requisición", "Requisición\Requisición.vbproj", "{B7D90ADD-947F-4B45-9F53-B695BFDB33A4}"
EndProject
Project("{F184B08F-C81C-45F6-A57F-5ABD9991F28F}") = "DatosRequisición", "DatosRequisición\DatosRequisición.vbproj", "{3EC89678-CDD4-497C-A84A-ABCAD20BBDB9}"
EndProject
Project("{F184B08F-C81C-45F6-A57F-5ABD9991F28F}") = "DatosOrdenCompra", "DatosOrdenCompra\DatosOrdenCompra.vbproj", "{BEB36746-B992-4C80-A67F-140A103D68D7}"
EndProject
Project("{F184B08F-C81C-45F6-A57F-5ABD9991F28F}") = "OrdenCompra", "OrdenCompra\OrdenCompra.vbproj", "{C65FC8C4-049D-415D-8A79-C02014558691}"
EndProject
Project("{F184B08F-C81C-45F6-A57F-5ABD9991F28F}") = "ImpresiónMateriales", "ImpresiónMateriales\ImpresiónMateriales.vbproj", "{090A6CEE-5D3B-425D-8553-437CF9708D11}"
EndProject
Project("{F184B08F-C81C-45F6-A57F-5ABD9991F28F}") = "DatosProveedores", "DatosProveedores\DatosProveedores.vbproj", "{2B5C9836-41A8-48BA-B224-CAC98DE46C5E}"
EndProject
Project("{F184B08F-C81C-45F6-A57F-5ABD9991F28F}") = "Proveedores", "Proveedores\Proveedores.vbproj", "{80FFE72F-5B93-44E9-9AB0-9F7A04CD3B18}"
EndProject
Project("{F184B08F-C81C-45F6-A57F-5ABD9991F28F}") = "EntradaAlmacén", "EntradaAlmacén\EntradaAlmacén.vbproj", "{5F349175-7852-44B4-809D-8FB525EA7C78}"
EndProject
Project("{F184B08F-C81C-45F6-A57F-5ABD9991F28F}") = "SalidaAlmacén", "SalidaAlmacén\SalidaAlmacén.vbproj", "{ABC3C923-88C4-4AB5-9121-191A9ED6315A}"
EndProject
Project("{F184B08F-C81C-45F6-A57F-5ABD9991F28F}") = "Bodegas", "Bodegas\Bodegas.vbproj", "{7DAA16EB-60F7-450B-B574-66DCC29D53A1}"
EndProject
Project("{F184B08F-C81C-45F6-A57F-5ABD9991F28F}") = "DatosBodegas", "DatosBodegas\DatosBodegas.vbproj", "{7BC8F057-03A6-4204-B1B0-B88E2CCD7517}"
EndProject
Project("{F184B08F-C81C-45F6-A57F-5ABD9991F28F}") = "DatosEntradaAlmacén", "DatosEntradaAlmacén\DatosEntradaAlmacén.vbproj", "{DEF1D09E-A6E2-47A7-9BAF-1DA15D5B7276}"
EndProject
Project("{F184B08F-C81C-45F6-A57F-5ABD9991F28F}") = "DatosSalidaAlmacén", "DatosSalidaAlmacén\DatosSalidaAlmacén.vbproj", "{35E1675B-A2BC-458D-BEB8-25798EC95897}"
EndProject
Project("{F184B08F-C81C-45F6-A57F-5ABD9991F28F}") = "DatosClasesBase", "DatosClasesBase\DatosClasesBase.vbproj", "{76662622-A938-4220-B193-511F624712CF}"
EndProject
Project("{F184B08F-C81C-45F6-A57F-5ABD9991F28F}") = "FormulariosClasesBase", "FormulariosClasesBase\FormulariosClasesBase.vbproj", "{86F6EB73-423E-4578-A481-AE9086739857}"
EndProject
Project("{F184B08F-C81C-45F6-A57F-5ABD9991F28F}") = "DatosClasesBaseBuscar", "DatosClasesBaseBuscar\DatosClasesBaseBuscar.vbproj", "{E9CECCD3-E563-40FA-9B1C-97D7523752A8}"
EndProject
Project("{F184B08F-C81C-45F6-A57F-5ABD9991F28F}") = "DatosImpresión", "DatosImpresión\DatosImpresión.vbproj", "{48E3CF30-75E0-4117-8F80-2868D6DEFF5F}"
EndProject
Project("{F184B08F-C81C-45F6-A57F-5ABD9991F28F}") = "DatosPersona", "DatosPersona\DatosPersona.vbproj", "{90B57929-FB75-4A82-89FE-7FB3A78AF1E6}"
EndProject
Project("{F184B08F-C81C-45F6-A57F-5ABD9991F28F}") = "DatosAuditoria", "DatosAuditoria\DatosAuditoria.vbproj", "{60F18835-CC07-4B02-B8ED-5D77026506B7}"
EndProject
Project("{F184B08F-C81C-45F6-A57F-5ABD9991F28F}") = "DatosArticulos", "DatosArticulos\DatosArticulos.vbproj", "{64763A13-6737-4B23-A474-A0F55E45E140}"
EndProject
Project("{F184B08F-C81C-45F6-A57F-5ABD9991F28F}") = "Facturas", "Facturas\Facturas.vbproj", "{B0D000C0-D541-46FA-918E-85D663C464B5}"
EndProject
Project("{F184B08F-C81C-45F6-A57F-5ABD9991F28F}") = "SisControl", "SisControl\SisControl.vbproj", "{9D23EBD1-F435-4D69-A903-0869E30A9F58}"
EndProject
Project("{F184B08F-C81C-45F6-A57F-5ABD9991F28F}") = "DatosSisControl", "DatosSisControl\DatosSisControl.vbproj", "{BD91317F-B65E-479F-B0BC-1F8F03CF4280}"
EndProject
Project("{F184B08F-C81C-45F6-A57F-5ABD9991F28F}") = "FormulariosSisControl", "FormulariosSisControl\FormulariosSisControl.vbproj", "{EB29865F-2AAB-4F0D-BE25-02EF051E988D}"
EndProject
Project("{F184B08F-C81C-45F6-A57F-5ABD9991F28F}") = "ImpresiónSisControl", "ImpresiónSisControl\ImpresiónSisControl.vbproj", "{C987DA38-C5A4-404B-B1C5-D922B2687455}"
EndProject
Project("{F184B08F-C81C-45F6-A57F-5ABD9991F28F}") = "DatosActivosFijos", "DatosActivosFijos\DatosActivosFijos.vbproj", "{A326C5AE-E14B-4214-9E67-5D89ABEE2DC3}"
EndProject
Project("{F184B08F-C81C-45F6-A57F-5ABD9991F28F}") = "FormulariosActivosFijos", "FormulariosActivosFijos\FormulariosActivosFijos.vbproj", "{34A93D23-E911-480A-8706-F9B5E921629D}"
EndProject
Project("{F184B08F-C81C-45F6-A57F-5ABD9991F28F}") = "MaterialesEspeciales", "MaterialesEspeciales\MaterialesEspeciales.vbproj", "{B11AEEC7-1EB7-4F53-A429-217686964E95}"
EndProject
Project("{F184B08F-C81C-45F6-A57F-5ABD9991F28F}") = "FormulariosMaterialesEspeciales", "FormulariosMaterialesEspeciales\FormulariosMaterialesEspeciales.vbproj", "{62B28B3E-5310-4FFB-9C48-AB4A7276BED9}"
EndProject
Project("{F184B08F-C81C-45F6-A57F-5ABD9991F28F}") = "Licitaciones", "Licitaciones\Licitaciones.vbproj", "{CC06E439-198E-47BB-8DA8-3A52F05DD789}"
EndProject
Project("{F184B08F-C81C-45F6-A57F-5ABD9991F28F}") = "FormulariosLicitaciones", "FormularioLicitaciones\FormulariosLicitaciones.vbproj", "{1D181506-8BA6-4C89-9237-5904DA1131B3}"
EndProject
Project("{F184B08F-C81C-45F6-A57F-5ABD9991F28F}") = "ImpresiónLicitaciones", "ImpresiónLicitaciones\ImpresiónLicitaciones.vbproj", "{43ED07B2-2C0B-42A2-B677-A08FD90252B3}"
EndProject
Project("{F184B08F-C81C-45F6-A57F-5ABD9991F28F}") = "FormulariosOrdenesTrabajo", "FormulariosOrdenesTrabajo\FormulariosOrdenesTrabajo.vbproj", "{93501A62-0F0B-43F0-8D6A-E41BCDB7C6A8}"
EndProject
Project("{F184B08F-C81C-45F6-A57F-5ABD9991F28F}") = "Contrato", "contrato\Contrato.vbproj", "{C391E2BE-45B9-4263-BF4C-5CF7800E4246}"
EndProject
Project("{F184B08F-C81C-45F6-A57F-5ABD9991F28F}") = "FormularioContrato", "formulariocontrato\FormularioContrato.vbproj", "{45FEEFEB-62A8-437E-A0A7-11D29257EA83}"
EndProject
Project("{F184B08F-C81C-45F6-A57F-5ABD9991F28F}") = "FormularioReporteDiario", "formularioreportediario\FormularioReporteDiario.vbproj", "{BC9E6835-96D1-4B51-8A81-5764273CF035}"
EndProject
Project("{F184B08F-C81C-45F6-A57F-5ABD9991F28F}") = "OrdendeTrabajo", "ordendetrabajo\OrdendeTrabajo.vbproj", "{9F2D8163-890E-4687-AC93-44AE35068A32}"
EndProject
Project("{F184B08F-C81C-45F6-A57F-5ABD9991F28F}") = "ReporteDiario", "reportediario\ReporteDiario.vbproj", "{4CCB6AA1-879A-447C-A1C2-3CF64C3BC549}"
EndProject
Project("{F184B08F-C81C-45F6-A57F-5ABD9991F28F}") = "ImprimirRecursoHumano", "ImprimirRecursoHumano\ImprimirRecursoHumano.vbproj", "{E28C159A-FC90-4ABA-8270-5AEF8EE41F75}"
EndProject
Project("{F184B08F-C81C-45F6-A57F-5ABD9991F28F}") = "ImprimirControlProyecto", "ImprimirControlProyecto\ImprimirControlProyecto.vbproj", "{6B2603AB-6F8F-4DD6-B428-8B4BB5BD49AC}"
EndProject
Project("{F184B08F-C81C-45F6-A57F-5ABD9991F28F}") = "ImprimirMasterSoldadura", "ImprimirMasterSoldadura\ImprimirMasterSoldadura.vbproj", "{15DAA2B7-7569-48C6-A3FC-494664B20D20}"
EndProject
Project("{F184B08F-C81C-45F6-A57F-5ABD9991F28F}") = "Hse", "HSE\Hse.vbproj", "{CC7FE158-38CA-4828-B401-A699FAE2297F}"
EndProject
Project("{F184B08F-C81C-45F6-A57F-5ABD9991F28F}") = "FormulariosHse", "formularioshse\FormulariosHse.vbproj", "{2FAFD7D9-9BBA-4DB8-AB0E-CCAE647B6C95}"
EndProject
Project("{F184B08F-C81C-45F6-A57F-5ABD9991F28F}") = "Sistemas", "sistemas\Sistemas.vbproj", "{32547645-D219-4367-B7E6-97ED3D30698B}"
EndProject
Project("{F184B08F-C81C-45F6-A57F-5ABD9991F28F}") = "FormulariosSistemas", "formulariossistemas\FormulariosSistemas.vbproj", "{85913328-5853-4E33-BB8D-2AB9D248E6C4}"
EndProject
Project("{F184B08F-C81C-45F6-A57F-5ABD9991F28F}") = "FuncionesGoogle", "funcionesgoogle\FuncionesGoogle.vbproj", "{14326B47-EF01-40C1-9BC0-3EC40FE07058}"
EndProject
Global
	GlobalSection(SolutionConfigurationPlatforms) = preSolution
		Debug|Any CPU = Debug|Any CPU
		Debug|Mixed Platforms = Debug|Mixed Platforms
		Debug|x86 = Debug|x86
		Release|Any CPU = Release|Any CPU
		Release|Mixed Platforms = Release|Mixed Platforms
		Release|x86 = Release|x86
	EndGlobalSection
	GlobalSection(ProjectConfigurationPlatforms) = postSolution
		{3BA66436-B684-4525-BB44-27B5A6917833}.Debug|Any CPU.ActiveCfg = Debug|x86
		{3BA66436-B684-4525-BB44-27B5A6917833}.Debug|Mixed Platforms.ActiveCfg = Debug|x86
		{3BA66436-B684-4525-BB44-27B5A6917833}.Debug|Mixed Platforms.Build.0 = Debug|x86
		{3BA66436-B684-4525-BB44-27B5A6917833}.Debug|x86.ActiveCfg = Debug|x86
		{3BA66436-B684-4525-BB44-27B5A6917833}.Debug|x86.Build.0 = Debug|x86
		{3BA66436-B684-4525-BB44-27B5A6917833}.Release|Any CPU.ActiveCfg = Release|x86
		{3BA66436-B684-4525-BB44-27B5A6917833}.Release|Mixed Platforms.ActiveCfg = Release|x86
		{3BA66436-B684-4525-BB44-27B5A6917833}.Release|Mixed Platforms.Build.0 = Release|x86
		{3BA66436-B684-4525-BB44-27B5A6917833}.Release|x86.ActiveCfg = Release|x86
		{3BA66436-B684-4525-BB44-27B5A6917833}.Release|x86.Build.0 = Release|x86
		{14B41A64-EBF0-4BBA-8E9D-48FD4F95D46C}.Debug|Any CPU.ActiveCfg = Debug|Any CPU
		{14B41A64-EBF0-4BBA-8E9D-48FD4F95D46C}.Debug|Any CPU.Build.0 = Debug|Any CPU
		{14B41A64-EBF0-4BBA-8E9D-48FD4F95D46C}.Debug|Mixed Platforms.ActiveCfg = Debug|Any CPU
		{14B41A64-EBF0-4BBA-8E9D-48FD4F95D46C}.Debug|Mixed Platforms.Build.0 = Debug|Any CPU
		{14B41A64-EBF0-4BBA-8E9D-48FD4F95D46C}.Debug|x86.ActiveCfg = Debug|Any CPU
		{14B41A64-EBF0-4BBA-8E9D-48FD4F95D46C}.Release|Any CPU.ActiveCfg = Release|Any CPU
		{14B41A64-EBF0-4BBA-8E9D-48FD4F95D46C}.Release|Any CPU.Build.0 = Release|Any CPU
		{14B41A64-EBF0-4BBA-8E9D-48FD4F95D46C}.Release|Mixed Platforms.ActiveCfg = Release|Any CPU
		{14B41A64-EBF0-4BBA-8E9D-48FD4F95D46C}.Release|Mixed Platforms.Build.0 = Release|Any CPU
		{14B41A64-EBF0-4BBA-8E9D-48FD4F95D46C}.Release|x86.ActiveCfg = Release|Any CPU
		{8A34664B-13DD-4CD0-A558-3604CCCEA066}.Debug|Any CPU.ActiveCfg = Debug|Any CPU
		{8A34664B-13DD-4CD0-A558-3604CCCEA066}.Debug|Any CPU.Build.0 = Debug|Any CPU
		{8A34664B-13DD-4CD0-A558-3604CCCEA066}.Debug|Mixed Platforms.ActiveCfg = Debug|Any CPU
		{8A34664B-13DD-4CD0-A558-3604CCCEA066}.Debug|Mixed Platforms.Build.0 = Debug|Any CPU
		{8A34664B-13DD-4CD0-A558-3604CCCEA066}.Debug|x86.ActiveCfg = Debug|Any CPU
		{8A34664B-13DD-4CD0-A558-3604CCCEA066}.Release|Any CPU.ActiveCfg = Release|Any CPU
		{8A34664B-13DD-4CD0-A558-3604CCCEA066}.Release|Any CPU.Build.0 = Release|Any CPU
		{8A34664B-13DD-4CD0-A558-3604CCCEA066}.Release|Mixed Platforms.ActiveCfg = Release|Any CPU
		{8A34664B-13DD-4CD0-A558-3604CCCEA066}.Release|Mixed Platforms.Build.0 = Release|Any CPU
		{8A34664B-13DD-4CD0-A558-3604CCCEA066}.Release|x86.ActiveCfg = Release|Any CPU
		{6258153E-6A9F-452F-891C-A5FC040B49AB}.Debug|Any CPU.ActiveCfg = Debug|Any CPU
		{6258153E-6A9F-452F-891C-A5FC040B49AB}.Debug|Any CPU.Build.0 = Debug|Any CPU
		{6258153E-6A9F-452F-891C-A5FC040B49AB}.Debug|Mixed Platforms.ActiveCfg = Debug|Any CPU
		{6258153E-6A9F-452F-891C-A5FC040B49AB}.Debug|Mixed Platforms.Build.0 = Debug|Any CPU
		{6258153E-6A9F-452F-891C-A5FC040B49AB}.Debug|x86.ActiveCfg = Debug|Any CPU
		{6258153E-6A9F-452F-891C-A5FC040B49AB}.Release|Any CPU.ActiveCfg = Release|Any CPU
		{6258153E-6A9F-452F-891C-A5FC040B49AB}.Release|Any CPU.Build.0 = Release|Any CPU
		{6258153E-6A9F-452F-891C-A5FC040B49AB}.Release|Mixed Platforms.ActiveCfg = Release|Any CPU
		{6258153E-6A9F-452F-891C-A5FC040B49AB}.Release|Mixed Platforms.Build.0 = Release|Any CPU
		{6258153E-6A9F-452F-891C-A5FC040B49AB}.Release|x86.ActiveCfg = Release|Any CPU
		{C081C987-27F7-4675-83C9-9D30EF0A7F77}.Debug|Any CPU.ActiveCfg = Debug|Any CPU
		{C081C987-27F7-4675-83C9-9D30EF0A7F77}.Debug|Any CPU.Build.0 = Debug|Any CPU
		{C081C987-27F7-4675-83C9-9D30EF0A7F77}.Debug|Mixed Platforms.ActiveCfg = Debug|Any CPU
		{C081C987-27F7-4675-83C9-9D30EF0A7F77}.Debug|Mixed Platforms.Build.0 = Debug|Any CPU
		{C081C987-27F7-4675-83C9-9D30EF0A7F77}.Debug|x86.ActiveCfg = Debug|Any CPU
		{C081C987-27F7-4675-83C9-9D30EF0A7F77}.Release|Any CPU.ActiveCfg = Release|Any CPU
		{C081C987-27F7-4675-83C9-9D30EF0A7F77}.Release|Any CPU.Build.0 = Release|Any CPU
		{C081C987-27F7-4675-83C9-9D30EF0A7F77}.Release|Mixed Platforms.ActiveCfg = Release|Any CPU
		{C081C987-27F7-4675-83C9-9D30EF0A7F77}.Release|Mixed Platforms.Build.0 = Release|Any CPU
		{C081C987-27F7-4675-83C9-9D30EF0A7F77}.Release|x86.ActiveCfg = Release|Any CPU
		{7F53289D-579E-40C7-869E-D863D3559B62}.Debug|Any CPU.ActiveCfg = Debug|Any CPU
		{7F53289D-579E-40C7-869E-D863D3559B62}.Debug|Any CPU.Build.0 = Debug|Any CPU
		{7F53289D-579E-40C7-869E-D863D3559B62}.Debug|Mixed Platforms.ActiveCfg = Debug|Any CPU
		{7F53289D-579E-40C7-869E-D863D3559B62}.Debug|Mixed Platforms.Build.0 = Debug|Any CPU
		{7F53289D-579E-40C7-869E-D863D3559B62}.Debug|x86.ActiveCfg = Debug|Any CPU
		{7F53289D-579E-40C7-869E-D863D3559B62}.Release|Any CPU.ActiveCfg = Release|Any CPU
		{7F53289D-579E-40C7-869E-D863D3559B62}.Release|Any CPU.Build.0 = Release|Any CPU
		{7F53289D-579E-40C7-869E-D863D3559B62}.Release|Mixed Platforms.ActiveCfg = Release|Any CPU
		{7F53289D-579E-40C7-869E-D863D3559B62}.Release|Mixed Platforms.Build.0 = Release|Any CPU
		{7F53289D-579E-40C7-869E-D863D3559B62}.Release|x86.ActiveCfg = Release|Any CPU
		{87CF2479-026B-4D80-A3B2-D86B3118C203}.Debug|Any CPU.ActiveCfg = Debug|Any CPU
		{87CF2479-026B-4D80-A3B2-D86B3118C203}.Debug|Any CPU.Build.0 = Debug|Any CPU
		{87CF2479-026B-4D80-A3B2-D86B3118C203}.Debug|Mixed Platforms.ActiveCfg = Debug|Any CPU
		{87CF2479-026B-4D80-A3B2-D86B3118C203}.Debug|Mixed Platforms.Build.0 = Debug|Any CPU
		{87CF2479-026B-4D80-A3B2-D86B3118C203}.Debug|x86.ActiveCfg = Debug|Any CPU
		{87CF2479-026B-4D80-A3B2-D86B3118C203}.Release|Any CPU.ActiveCfg = Release|Any CPU
		{87CF2479-026B-4D80-A3B2-D86B3118C203}.Release|Any CPU.Build.0 = Release|Any CPU
		{87CF2479-026B-4D80-A3B2-D86B3118C203}.Release|Mixed Platforms.ActiveCfg = Release|Any CPU
		{87CF2479-026B-4D80-A3B2-D86B3118C203}.Release|Mixed Platforms.Build.0 = Release|Any CPU
		{87CF2479-026B-4D80-A3B2-D86B3118C203}.Release|x86.ActiveCfg = Release|Any CPU
		{36C82D80-FD65-40D0-93A1-341C8A9B39A0}.Debug|Any CPU.ActiveCfg = Debug|Any CPU
		{36C82D80-FD65-40D0-93A1-341C8A9B39A0}.Debug|Any CPU.Build.0 = Debug|Any CPU
		{36C82D80-FD65-40D0-93A1-341C8A9B39A0}.Debug|Mixed Platforms.ActiveCfg = Debug|Any CPU
		{36C82D80-FD65-40D0-93A1-341C8A9B39A0}.Debug|Mixed Platforms.Build.0 = Debug|Any CPU
		{36C82D80-FD65-40D0-93A1-341C8A9B39A0}.Debug|x86.ActiveCfg = Debug|Any CPU
		{36C82D80-FD65-40D0-93A1-341C8A9B39A0}.Release|Any CPU.ActiveCfg = Release|Any CPU
		{36C82D80-FD65-40D0-93A1-341C8A9B39A0}.Release|Any CPU.Build.0 = Release|Any CPU
		{36C82D80-FD65-40D0-93A1-341C8A9B39A0}.Release|Mixed Platforms.ActiveCfg = Release|Any CPU
		{36C82D80-FD65-40D0-93A1-341C8A9B39A0}.Release|Mixed Platforms.Build.0 = Release|Any CPU
		{36C82D80-FD65-40D0-93A1-341C8A9B39A0}.Release|x86.ActiveCfg = Release|Any CPU
		{05000DB6-7E0D-4EBD-9116-5317E3C22180}.Debug|Any CPU.ActiveCfg = Debug|Any CPU
		{05000DB6-7E0D-4EBD-9116-5317E3C22180}.Debug|Any CPU.Build.0 = Debug|Any CPU
		{05000DB6-7E0D-4EBD-9116-5317E3C22180}.Debug|Mixed Platforms.ActiveCfg = Debug|Any CPU
		{05000DB6-7E0D-4EBD-9116-5317E3C22180}.Debug|Mixed Platforms.Build.0 = Debug|Any CPU
		{05000DB6-7E0D-4EBD-9116-5317E3C22180}.Debug|x86.ActiveCfg = Debug|Any CPU
		{05000DB6-7E0D-4EBD-9116-5317E3C22180}.Release|Any CPU.ActiveCfg = Release|Any CPU
		{05000DB6-7E0D-4EBD-9116-5317E3C22180}.Release|Any CPU.Build.0 = Release|Any CPU
		{05000DB6-7E0D-4EBD-9116-5317E3C22180}.Release|Mixed Platforms.ActiveCfg = Release|Any CPU
		{05000DB6-7E0D-4EBD-9116-5317E3C22180}.Release|Mixed Platforms.Build.0 = Release|Any CPU
		{05000DB6-7E0D-4EBD-9116-5317E3C22180}.Release|x86.ActiveCfg = Release|Any CPU
		{7D63AFF5-6E42-484D-9B5B-B97EA8DB0C75}.Debug|Any CPU.ActiveCfg = Debug|Any CPU
		{7D63AFF5-6E42-484D-9B5B-B97EA8DB0C75}.Debug|Any CPU.Build.0 = Debug|Any CPU
		{7D63AFF5-6E42-484D-9B5B-B97EA8DB0C75}.Debug|Mixed Platforms.ActiveCfg = Debug|Any CPU
		{7D63AFF5-6E42-484D-9B5B-B97EA8DB0C75}.Debug|Mixed Platforms.Build.0 = Debug|Any CPU
		{7D63AFF5-6E42-484D-9B5B-B97EA8DB0C75}.Debug|x86.ActiveCfg = Debug|Any CPU
		{7D63AFF5-6E42-484D-9B5B-B97EA8DB0C75}.Release|Any CPU.ActiveCfg = Release|Any CPU
		{7D63AFF5-6E42-484D-9B5B-B97EA8DB0C75}.Release|Any CPU.Build.0 = Release|Any CPU
		{7D63AFF5-6E42-484D-9B5B-B97EA8DB0C75}.Release|Mixed Platforms.ActiveCfg = Release|Any CPU
		{7D63AFF5-6E42-484D-9B5B-B97EA8DB0C75}.Release|Mixed Platforms.Build.0 = Release|Any CPU
		{7D63AFF5-6E42-484D-9B5B-B97EA8DB0C75}.Release|x86.ActiveCfg = Release|Any CPU
		{F30ACACA-0B68-435A-AB76-9FBA5D1CF4D4}.Debug|Any CPU.ActiveCfg = Debug|Any CPU
		{F30ACACA-0B68-435A-AB76-9FBA5D1CF4D4}.Debug|Any CPU.Build.0 = Debug|Any CPU
		{F30ACACA-0B68-435A-AB76-9FBA5D1CF4D4}.Debug|Mixed Platforms.ActiveCfg = Debug|Any CPU
		{F30ACACA-0B68-435A-AB76-9FBA5D1CF4D4}.Debug|Mixed Platforms.Build.0 = Debug|Any CPU
		{F30ACACA-0B68-435A-AB76-9FBA5D1CF4D4}.Debug|x86.ActiveCfg = Debug|Any CPU
		{F30ACACA-0B68-435A-AB76-9FBA5D1CF4D4}.Release|Any CPU.ActiveCfg = Release|Any CPU
		{F30ACACA-0B68-435A-AB76-9FBA5D1CF4D4}.Release|Any CPU.Build.0 = Release|Any CPU
		{F30ACACA-0B68-435A-AB76-9FBA5D1CF4D4}.Release|Mixed Platforms.ActiveCfg = Release|Any CPU
		{F30ACACA-0B68-435A-AB76-9FBA5D1CF4D4}.Release|Mixed Platforms.Build.0 = Release|Any CPU
		{F30ACACA-0B68-435A-AB76-9FBA5D1CF4D4}.Release|x86.ActiveCfg = Release|Any CPU
		{1B7C4E05-851A-4AC0-8D4B-AD37E8B2E0B6}.Debug|Any CPU.ActiveCfg = Debug|Any CPU
		{1B7C4E05-851A-4AC0-8D4B-AD37E8B2E0B6}.Debug|Any CPU.Build.0 = Debug|Any CPU
		{1B7C4E05-851A-4AC0-8D4B-AD37E8B2E0B6}.Debug|Mixed Platforms.ActiveCfg = Debug|Any CPU
		{1B7C4E05-851A-4AC0-8D4B-AD37E8B2E0B6}.Debug|Mixed Platforms.Build.0 = Debug|Any CPU
		{1B7C4E05-851A-4AC0-8D4B-AD37E8B2E0B6}.Debug|x86.ActiveCfg = Debug|Any CPU
		{1B7C4E05-851A-4AC0-8D4B-AD37E8B2E0B6}.Release|Any CPU.ActiveCfg = Release|Any CPU
		{1B7C4E05-851A-4AC0-8D4B-AD37E8B2E0B6}.Release|Any CPU.Build.0 = Release|Any CPU
		{1B7C4E05-851A-4AC0-8D4B-AD37E8B2E0B6}.Release|Mixed Platforms.ActiveCfg = Release|Any CPU
		{1B7C4E05-851A-4AC0-8D4B-AD37E8B2E0B6}.Release|Mixed Platforms.Build.0 = Release|Any CPU
		{1B7C4E05-851A-4AC0-8D4B-AD37E8B2E0B6}.Release|x86.ActiveCfg = Release|Any CPU
		{A2B249B8-6EEF-4AA8-88E6-5A742AA6B2A1}.Debug|Any CPU.ActiveCfg = Debug|Any CPU
		{A2B249B8-6EEF-4AA8-88E6-5A742AA6B2A1}.Debug|Any CPU.Build.0 = Debug|Any CPU
		{A2B249B8-6EEF-4AA8-88E6-5A742AA6B2A1}.Debug|Mixed Platforms.ActiveCfg = Debug|Any CPU
		{A2B249B8-6EEF-4AA8-88E6-5A742AA6B2A1}.Debug|Mixed Platforms.Build.0 = Debug|Any CPU
		{A2B249B8-6EEF-4AA8-88E6-5A742AA6B2A1}.Debug|x86.ActiveCfg = Debug|Any CPU
		{A2B249B8-6EEF-4AA8-88E6-5A742AA6B2A1}.Release|Any CPU.ActiveCfg = Release|Any CPU
		{A2B249B8-6EEF-4AA8-88E6-5A742AA6B2A1}.Release|Any CPU.Build.0 = Release|Any CPU
		{A2B249B8-6EEF-4AA8-88E6-5A742AA6B2A1}.Release|Mixed Platforms.ActiveCfg = Release|Any CPU
		{A2B249B8-6EEF-4AA8-88E6-5A742AA6B2A1}.Release|Mixed Platforms.Build.0 = Release|Any CPU
		{A2B249B8-6EEF-4AA8-88E6-5A742AA6B2A1}.Release|x86.ActiveCfg = Release|Any CPU
		{247D92D1-71F9-40D5-8B92-8B3BDAFF9072}.Debug|Any CPU.ActiveCfg = Debug|Any CPU
		{247D92D1-71F9-40D5-8B92-8B3BDAFF9072}.Debug|Any CPU.Build.0 = Debug|Any CPU
		{247D92D1-71F9-40D5-8B92-8B3BDAFF9072}.Debug|Mixed Platforms.ActiveCfg = Debug|Any CPU
		{247D92D1-71F9-40D5-8B92-8B3BDAFF9072}.Debug|Mixed Platforms.Build.0 = Debug|Any CPU
		{247D92D1-71F9-40D5-8B92-8B3BDAFF9072}.Debug|x86.ActiveCfg = Debug|Any CPU
		{247D92D1-71F9-40D5-8B92-8B3BDAFF9072}.Release|Any CPU.ActiveCfg = Release|Any CPU
		{247D92D1-71F9-40D5-8B92-8B3BDAFF9072}.Release|Any CPU.Build.0 = Release|Any CPU
		{247D92D1-71F9-40D5-8B92-8B3BDAFF9072}.Release|Mixed Platforms.ActiveCfg = Release|Any CPU
		{247D92D1-71F9-40D5-8B92-8B3BDAFF9072}.Release|Mixed Platforms.Build.0 = Release|Any CPU
		{247D92D1-71F9-40D5-8B92-8B3BDAFF9072}.Release|x86.ActiveCfg = Release|Any CPU
		{B7D90ADD-947F-4B45-9F53-B695BFDB33A4}.Debug|Any CPU.ActiveCfg = Debug|Any CPU
		{B7D90ADD-947F-4B45-9F53-B695BFDB33A4}.Debug|Any CPU.Build.0 = Debug|Any CPU
		{B7D90ADD-947F-4B45-9F53-B695BFDB33A4}.Debug|Mixed Platforms.ActiveCfg = Debug|Any CPU
		{B7D90ADD-947F-4B45-9F53-B695BFDB33A4}.Debug|Mixed Platforms.Build.0 = Debug|Any CPU
		{B7D90ADD-947F-4B45-9F53-B695BFDB33A4}.Debug|x86.ActiveCfg = Debug|Any CPU
		{B7D90ADD-947F-4B45-9F53-B695BFDB33A4}.Release|Any CPU.ActiveCfg = Release|Any CPU
		{B7D90ADD-947F-4B45-9F53-B695BFDB33A4}.Release|Any CPU.Build.0 = Release|Any CPU
		{B7D90ADD-947F-4B45-9F53-B695BFDB33A4}.Release|Mixed Platforms.ActiveCfg = Release|Any CPU
		{B7D90ADD-947F-4B45-9F53-B695BFDB33A4}.Release|Mixed Platforms.Build.0 = Release|Any CPU
		{B7D90ADD-947F-4B45-9F53-B695BFDB33A4}.Release|x86.ActiveCfg = Release|Any CPU
		{3EC89678-CDD4-497C-A84A-ABCAD20BBDB9}.Debug|Any CPU.ActiveCfg = Debug|Any CPU
		{3EC89678-CDD4-497C-A84A-ABCAD20BBDB9}.Debug|Any CPU.Build.0 = Debug|Any CPU
		{3EC89678-CDD4-497C-A84A-ABCAD20BBDB9}.Debug|Mixed Platforms.ActiveCfg = Debug|Any CPU
		{3EC89678-CDD4-497C-A84A-ABCAD20BBDB9}.Debug|Mixed Platforms.Build.0 = Debug|Any CPU
		{3EC89678-CDD4-497C-A84A-ABCAD20BBDB9}.Debug|x86.ActiveCfg = Debug|Any CPU
		{3EC89678-CDD4-497C-A84A-ABCAD20BBDB9}.Release|Any CPU.ActiveCfg = Release|Any CPU
		{3EC89678-CDD4-497C-A84A-ABCAD20BBDB9}.Release|Any CPU.Build.0 = Release|Any CPU
		{3EC89678-CDD4-497C-A84A-ABCAD20BBDB9}.Release|Mixed Platforms.ActiveCfg = Release|Any CPU
		{3EC89678-CDD4-497C-A84A-ABCAD20BBDB9}.Release|Mixed Platforms.Build.0 = Release|Any CPU
		{3EC89678-CDD4-497C-A84A-ABCAD20BBDB9}.Release|x86.ActiveCfg = Release|Any CPU
		{BEB36746-B992-4C80-A67F-140A103D68D7}.Debug|Any CPU.ActiveCfg = Debug|Any CPU
		{BEB36746-B992-4C80-A67F-140A103D68D7}.Debug|Any CPU.Build.0 = Debug|Any CPU
		{BEB36746-B992-4C80-A67F-140A103D68D7}.Debug|Mixed Platforms.ActiveCfg = Debug|Any CPU
		{BEB36746-B992-4C80-A67F-140A103D68D7}.Debug|Mixed Platforms.Build.0 = Debug|Any CPU
		{BEB36746-B992-4C80-A67F-140A103D68D7}.Debug|x86.ActiveCfg = Debug|Any CPU
		{BEB36746-B992-4C80-A67F-140A103D68D7}.Release|Any CPU.ActiveCfg = Release|Any CPU
		{BEB36746-B992-4C80-A67F-140A103D68D7}.Release|Any CPU.Build.0 = Release|Any CPU
		{BEB36746-B992-4C80-A67F-140A103D68D7}.Release|Mixed Platforms.ActiveCfg = Release|Any CPU
		{BEB36746-B992-4C80-A67F-140A103D68D7}.Release|Mixed Platforms.Build.0 = Release|Any CPU
		{BEB36746-B992-4C80-A67F-140A103D68D7}.Release|x86.ActiveCfg = Release|Any CPU
		{C65FC8C4-049D-415D-8A79-C02014558691}.Debug|Any CPU.ActiveCfg = Debug|Any CPU
		{C65FC8C4-049D-415D-8A79-C02014558691}.Debug|Any CPU.Build.0 = Debug|Any CPU
		{C65FC8C4-049D-415D-8A79-C02014558691}.Debug|Mixed Platforms.ActiveCfg = Debug|Any CPU
		{C65FC8C4-049D-415D-8A79-C02014558691}.Debug|Mixed Platforms.Build.0 = Debug|Any CPU
		{C65FC8C4-049D-415D-8A79-C02014558691}.Debug|x86.ActiveCfg = Debug|Any CPU
		{C65FC8C4-049D-415D-8A79-C02014558691}.Release|Any CPU.ActiveCfg = Release|Any CPU
		{C65FC8C4-049D-415D-8A79-C02014558691}.Release|Any CPU.Build.0 = Release|Any CPU
		{C65FC8C4-049D-415D-8A79-C02014558691}.Release|Mixed Platforms.ActiveCfg = Release|Any CPU
		{C65FC8C4-049D-415D-8A79-C02014558691}.Release|Mixed Platforms.Build.0 = Release|Any CPU
		{C65FC8C4-049D-415D-8A79-C02014558691}.Release|x86.ActiveCfg = Release|Any CPU
		{090A6CEE-5D3B-425D-8553-437CF9708D11}.Debug|Any CPU.ActiveCfg = Debug|Any CPU
		{090A6CEE-5D3B-425D-8553-437CF9708D11}.Debug|Any CPU.Build.0 = Debug|Any CPU
		{090A6CEE-5D3B-425D-8553-437CF9708D11}.Debug|Mixed Platforms.ActiveCfg = Debug|Any CPU
		{090A6CEE-5D3B-425D-8553-437CF9708D11}.Debug|Mixed Platforms.Build.0 = Debug|Any CPU
		{090A6CEE-5D3B-425D-8553-437CF9708D11}.Debug|x86.ActiveCfg = Debug|Any CPU
		{090A6CEE-5D3B-425D-8553-437CF9708D11}.Release|Any CPU.ActiveCfg = Release|Any CPU
		{090A6CEE-5D3B-425D-8553-437CF9708D11}.Release|Any CPU.Build.0 = Release|Any CPU
		{090A6CEE-5D3B-425D-8553-437CF9708D11}.Release|Mixed Platforms.ActiveCfg = Release|Any CPU
		{090A6CEE-5D3B-425D-8553-437CF9708D11}.Release|Mixed Platforms.Build.0 = Release|Any CPU
		{090A6CEE-5D3B-425D-8553-437CF9708D11}.Release|x86.ActiveCfg = Release|Any CPU
		{2B5C9836-41A8-48BA-B224-CAC98DE46C5E}.Debug|Any CPU.ActiveCfg = Debug|Any CPU
		{2B5C9836-41A8-48BA-B224-CAC98DE46C5E}.Debug|Any CPU.Build.0 = Debug|Any CPU
		{2B5C9836-41A8-48BA-B224-CAC98DE46C5E}.Debug|Mixed Platforms.ActiveCfg = Debug|Any CPU
		{2B5C9836-41A8-48BA-B224-CAC98DE46C5E}.Debug|Mixed Platforms.Build.0 = Debug|Any CPU
		{2B5C9836-41A8-48BA-B224-CAC98DE46C5E}.Debug|x86.ActiveCfg = Debug|Any CPU
		{2B5C9836-41A8-48BA-B224-CAC98DE46C5E}.Release|Any CPU.ActiveCfg = Release|Any CPU
		{2B5C9836-41A8-48BA-B224-CAC98DE46C5E}.Release|Any CPU.Build.0 = Release|Any CPU
		{2B5C9836-41A8-48BA-B224-CAC98DE46C5E}.Release|Mixed Platforms.ActiveCfg = Release|Any CPU
		{2B5C9836-41A8-48BA-B224-CAC98DE46C5E}.Release|Mixed Platforms.Build.0 = Release|Any CPU
		{2B5C9836-41A8-48BA-B224-CAC98DE46C5E}.Release|x86.ActiveCfg = Release|Any CPU
		{80FFE72F-5B93-44E9-9AB0-9F7A04CD3B18}.Debug|Any CPU.ActiveCfg = Debug|Any CPU
		{80FFE72F-5B93-44E9-9AB0-9F7A04CD3B18}.Debug|Any CPU.Build.0 = Debug|Any CPU
		{80FFE72F-5B93-44E9-9AB0-9F7A04CD3B18}.Debug|Mixed Platforms.ActiveCfg = Debug|Any CPU
		{80FFE72F-5B93-44E9-9AB0-9F7A04CD3B18}.Debug|Mixed Platforms.Build.0 = Debug|Any CPU
		{80FFE72F-5B93-44E9-9AB0-9F7A04CD3B18}.Debug|x86.ActiveCfg = Debug|Any CPU
		{80FFE72F-5B93-44E9-9AB0-9F7A04CD3B18}.Release|Any CPU.ActiveCfg = Release|Any CPU
		{80FFE72F-5B93-44E9-9AB0-9F7A04CD3B18}.Release|Any CPU.Build.0 = Release|Any CPU
		{80FFE72F-5B93-44E9-9AB0-9F7A04CD3B18}.Release|Mixed Platforms.ActiveCfg = Release|Any CPU
		{80FFE72F-5B93-44E9-9AB0-9F7A04CD3B18}.Release|Mixed Platforms.Build.0 = Release|Any CPU
		{80FFE72F-5B93-44E9-9AB0-9F7A04CD3B18}.Release|x86.ActiveCfg = Release|Any CPU
		{5F349175-7852-44B4-809D-8FB525EA7C78}.Debug|Any CPU.ActiveCfg = Debug|Any CPU
		{5F349175-7852-44B4-809D-8FB525EA7C78}.Debug|Any CPU.Build.0 = Debug|Any CPU
		{5F349175-7852-44B4-809D-8FB525EA7C78}.Debug|Mixed Platforms.ActiveCfg = Debug|Any CPU
		{5F349175-7852-44B4-809D-8FB525EA7C78}.Debug|Mixed Platforms.Build.0 = Debug|Any CPU
		{5F349175-7852-44B4-809D-8FB525EA7C78}.Debug|x86.ActiveCfg = Debug|Any CPU
		{5F349175-7852-44B4-809D-8FB525EA7C78}.Release|Any CPU.ActiveCfg = Release|Any CPU
		{5F349175-7852-44B4-809D-8FB525EA7C78}.Release|Any CPU.Build.0 = Release|Any CPU
		{5F349175-7852-44B4-809D-8FB525EA7C78}.Release|Mixed Platforms.ActiveCfg = Release|Any CPU
		{5F349175-7852-44B4-809D-8FB525EA7C78}.Release|Mixed Platforms.Build.0 = Release|Any CPU
		{5F349175-7852-44B4-809D-8FB525EA7C78}.Release|x86.ActiveCfg = Release|Any CPU
		{ABC3C923-88C4-4AB5-9121-191A9ED6315A}.Debug|Any CPU.ActiveCfg = Debug|Any CPU
		{ABC3C923-88C4-4AB5-9121-191A9ED6315A}.Debug|Any CPU.Build.0 = Debug|Any CPU
		{ABC3C923-88C4-4AB5-9121-191A9ED6315A}.Debug|Mixed Platforms.ActiveCfg = Debug|Any CPU
		{ABC3C923-88C4-4AB5-9121-191A9ED6315A}.Debug|Mixed Platforms.Build.0 = Debug|Any CPU
		{ABC3C923-88C4-4AB5-9121-191A9ED6315A}.Debug|x86.ActiveCfg = Debug|Any CPU
		{ABC3C923-88C4-4AB5-9121-191A9ED6315A}.Release|Any CPU.ActiveCfg = Release|Any CPU
		{ABC3C923-88C4-4AB5-9121-191A9ED6315A}.Release|Any CPU.Build.0 = Release|Any CPU
		{ABC3C923-88C4-4AB5-9121-191A9ED6315A}.Release|Mixed Platforms.ActiveCfg = Release|Any CPU
		{ABC3C923-88C4-4AB5-9121-191A9ED6315A}.Release|Mixed Platforms.Build.0 = Release|Any CPU
		{ABC3C923-88C4-4AB5-9121-191A9ED6315A}.Release|x86.ActiveCfg = Release|Any CPU
		{7DAA16EB-60F7-450B-B574-66DCC29D53A1}.Debug|Any CPU.ActiveCfg = Debug|Any CPU
		{7DAA16EB-60F7-450B-B574-66DCC29D53A1}.Debug|Any CPU.Build.0 = Debug|Any CPU
		{7DAA16EB-60F7-450B-B574-66DCC29D53A1}.Debug|Mixed Platforms.ActiveCfg = Debug|Any CPU
		{7DAA16EB-60F7-450B-B574-66DCC29D53A1}.Debug|Mixed Platforms.Build.0 = Debug|Any CPU
		{7DAA16EB-60F7-450B-B574-66DCC29D53A1}.Debug|x86.ActiveCfg = Debug|Any CPU
		{7DAA16EB-60F7-450B-B574-66DCC29D53A1}.Release|Any CPU.ActiveCfg = Release|Any CPU
		{7DAA16EB-60F7-450B-B574-66DCC29D53A1}.Release|Any CPU.Build.0 = Release|Any CPU
		{7DAA16EB-60F7-450B-B574-66DCC29D53A1}.Release|Mixed Platforms.ActiveCfg = Release|Any CPU
		{7DAA16EB-60F7-450B-B574-66DCC29D53A1}.Release|Mixed Platforms.Build.0 = Release|Any CPU
		{7DAA16EB-60F7-450B-B574-66DCC29D53A1}.Release|x86.ActiveCfg = Release|Any CPU
		{7BC8F057-03A6-4204-B1B0-B88E2CCD7517}.Debug|Any CPU.ActiveCfg = Debug|Any CPU
		{7BC8F057-03A6-4204-B1B0-B88E2CCD7517}.Debug|Any CPU.Build.0 = Debug|Any CPU
		{7BC8F057-03A6-4204-B1B0-B88E2CCD7517}.Debug|Mixed Platforms.ActiveCfg = Debug|Any CPU
		{7BC8F057-03A6-4204-B1B0-B88E2CCD7517}.Debug|Mixed Platforms.Build.0 = Debug|Any CPU
		{7BC8F057-03A6-4204-B1B0-B88E2CCD7517}.Debug|x86.ActiveCfg = Debug|Any CPU
		{7BC8F057-03A6-4204-B1B0-B88E2CCD7517}.Release|Any CPU.ActiveCfg = Release|Any CPU
		{7BC8F057-03A6-4204-B1B0-B88E2CCD7517}.Release|Any CPU.Build.0 = Release|Any CPU
		{7BC8F057-03A6-4204-B1B0-B88E2CCD7517}.Release|Mixed Platforms.ActiveCfg = Release|Any CPU
		{7BC8F057-03A6-4204-B1B0-B88E2CCD7517}.Release|Mixed Platforms.Build.0 = Release|Any CPU
		{7BC8F057-03A6-4204-B1B0-B88E2CCD7517}.Release|x86.ActiveCfg = Release|Any CPU
		{DEF1D09E-A6E2-47A7-9BAF-1DA15D5B7276}.Debug|Any CPU.ActiveCfg = Debug|Any CPU
		{DEF1D09E-A6E2-47A7-9BAF-1DA15D5B7276}.Debug|Any CPU.Build.0 = Debug|Any CPU
		{DEF1D09E-A6E2-47A7-9BAF-1DA15D5B7276}.Debug|Mixed Platforms.ActiveCfg = Debug|Any CPU
		{DEF1D09E-A6E2-47A7-9BAF-1DA15D5B7276}.Debug|Mixed Platforms.Build.0 = Debug|Any CPU
		{DEF1D09E-A6E2-47A7-9BAF-1DA15D5B7276}.Debug|x86.ActiveCfg = Debug|Any CPU
		{DEF1D09E-A6E2-47A7-9BAF-1DA15D5B7276}.Release|Any CPU.ActiveCfg = Release|Any CPU
		{DEF1D09E-A6E2-47A7-9BAF-1DA15D5B7276}.Release|Any CPU.Build.0 = Release|Any CPU
		{DEF1D09E-A6E2-47A7-9BAF-1DA15D5B7276}.Release|Mixed Platforms.ActiveCfg = Release|Any CPU
		{DEF1D09E-A6E2-47A7-9BAF-1DA15D5B7276}.Release|Mixed Platforms.Build.0 = Release|Any CPU
		{DEF1D09E-A6E2-47A7-9BAF-1DA15D5B7276}.Release|x86.ActiveCfg = Release|Any CPU
		{35E1675B-A2BC-458D-BEB8-25798EC95897}.Debug|Any CPU.ActiveCfg = Debug|Any CPU
		{35E1675B-A2BC-458D-BEB8-25798EC95897}.Debug|Any CPU.Build.0 = Debug|Any CPU
		{35E1675B-A2BC-458D-BEB8-25798EC95897}.Debug|Mixed Platforms.ActiveCfg = Debug|Any CPU
		{35E1675B-A2BC-458D-BEB8-25798EC95897}.Debug|Mixed Platforms.Build.0 = Debug|Any CPU
		{35E1675B-A2BC-458D-BEB8-25798EC95897}.Debug|x86.ActiveCfg = Debug|Any CPU
		{35E1675B-A2BC-458D-BEB8-25798EC95897}.Release|Any CPU.ActiveCfg = Release|Any CPU
		{35E1675B-A2BC-458D-BEB8-25798EC95897}.Release|Any CPU.Build.0 = Release|Any CPU
		{35E1675B-A2BC-458D-BEB8-25798EC95897}.Release|Mixed Platforms.ActiveCfg = Release|Any CPU
		{35E1675B-A2BC-458D-BEB8-25798EC95897}.Release|Mixed Platforms.Build.0 = Release|Any CPU
		{35E1675B-A2BC-458D-BEB8-25798EC95897}.Release|x86.ActiveCfg = Release|Any CPU
		{76662622-A938-4220-B193-511F624712CF}.Debug|Any CPU.ActiveCfg = Debug|Any CPU
		{76662622-A938-4220-B193-511F624712CF}.Debug|Any CPU.Build.0 = Debug|Any CPU
		{76662622-A938-4220-B193-511F624712CF}.Debug|Mixed Platforms.ActiveCfg = Debug|Any CPU
		{76662622-A938-4220-B193-511F624712CF}.Debug|Mixed Platforms.Build.0 = Debug|Any CPU
		{76662622-A938-4220-B193-511F624712CF}.Debug|x86.ActiveCfg = Debug|Any CPU
		{76662622-A938-4220-B193-511F624712CF}.Release|Any CPU.ActiveCfg = Release|Any CPU
		{76662622-A938-4220-B193-511F624712CF}.Release|Any CPU.Build.0 = Release|Any CPU
		{76662622-A938-4220-B193-511F624712CF}.Release|Mixed Platforms.ActiveCfg = Release|Any CPU
		{76662622-A938-4220-B193-511F624712CF}.Release|Mixed Platforms.Build.0 = Release|Any CPU
		{76662622-A938-4220-B193-511F624712CF}.Release|x86.ActiveCfg = Release|Any CPU
		{86F6EB73-423E-4578-A481-AE9086739857}.Debug|Any CPU.ActiveCfg = Debug|Any CPU
		{86F6EB73-423E-4578-A481-AE9086739857}.Debug|Any CPU.Build.0 = Debug|Any CPU
		{86F6EB73-423E-4578-A481-AE9086739857}.Debug|Mixed Platforms.ActiveCfg = Debug|Any CPU
		{86F6EB73-423E-4578-A481-AE9086739857}.Debug|Mixed Platforms.Build.0 = Debug|Any CPU
		{86F6EB73-423E-4578-A481-AE9086739857}.Debug|x86.ActiveCfg = Debug|Any CPU
		{86F6EB73-423E-4578-A481-AE9086739857}.Release|Any CPU.ActiveCfg = Release|Any CPU
		{86F6EB73-423E-4578-A481-AE9086739857}.Release|Any CPU.Build.0 = Release|Any CPU
		{86F6EB73-423E-4578-A481-AE9086739857}.Release|Mixed Platforms.ActiveCfg = Release|Any CPU
		{86F6EB73-423E-4578-A481-AE9086739857}.Release|Mixed Platforms.Build.0 = Release|Any CPU
		{86F6EB73-423E-4578-A481-AE9086739857}.Release|x86.ActiveCfg = Release|Any CPU
		{E9CECCD3-E563-40FA-9B1C-97D7523752A8}.Debug|Any CPU.ActiveCfg = Debug|Any CPU
		{E9CECCD3-E563-40FA-9B1C-97D7523752A8}.Debug|Any CPU.Build.0 = Debug|Any CPU
		{E9CECCD3-E563-40FA-9B1C-97D7523752A8}.Debug|Mixed Platforms.ActiveCfg = Debug|Any CPU
		{E9CECCD3-E563-40FA-9B1C-97D7523752A8}.Debug|Mixed Platforms.Build.0 = Debug|Any CPU
		{E9CECCD3-E563-40FA-9B1C-97D7523752A8}.Debug|x86.ActiveCfg = Debug|Any CPU
		{E9CECCD3-E563-40FA-9B1C-97D7523752A8}.Release|Any CPU.ActiveCfg = Release|Any CPU
		{E9CECCD3-E563-40FA-9B1C-97D7523752A8}.Release|Any CPU.Build.0 = Release|Any CPU
		{E9CECCD3-E563-40FA-9B1C-97D7523752A8}.Release|Mixed Platforms.ActiveCfg = Release|Any CPU
		{E9CECCD3-E563-40FA-9B1C-97D7523752A8}.Release|Mixed Platforms.Build.0 = Release|Any CPU
		{E9CECCD3-E563-40FA-9B1C-97D7523752A8}.Release|x86.ActiveCfg = Release|Any CPU
		{48E3CF30-75E0-4117-8F80-2868D6DEFF5F}.Debug|Any CPU.ActiveCfg = Debug|Any CPU
		{48E3CF30-75E0-4117-8F80-2868D6DEFF5F}.Debug|Any CPU.Build.0 = Debug|Any CPU
		{48E3CF30-75E0-4117-8F80-2868D6DEFF5F}.Debug|Mixed Platforms.ActiveCfg = Debug|Any CPU
		{48E3CF30-75E0-4117-8F80-2868D6DEFF5F}.Debug|Mixed Platforms.Build.0 = Debug|Any CPU
		{48E3CF30-75E0-4117-8F80-2868D6DEFF5F}.Debug|x86.ActiveCfg = Debug|Any CPU
		{48E3CF30-75E0-4117-8F80-2868D6DEFF5F}.Release|Any CPU.ActiveCfg = Release|Any CPU
		{48E3CF30-75E0-4117-8F80-2868D6DEFF5F}.Release|Any CPU.Build.0 = Release|Any CPU
		{48E3CF30-75E0-4117-8F80-2868D6DEFF5F}.Release|Mixed Platforms.ActiveCfg = Release|Any CPU
		{48E3CF30-75E0-4117-8F80-2868D6DEFF5F}.Release|Mixed Platforms.Build.0 = Release|Any CPU
		{48E3CF30-75E0-4117-8F80-2868D6DEFF5F}.Release|x86.ActiveCfg = Release|Any CPU
		{90B57929-FB75-4A82-89FE-7FB3A78AF1E6}.Debug|Any CPU.ActiveCfg = Debug|Any CPU
		{90B57929-FB75-4A82-89FE-7FB3A78AF1E6}.Debug|Any CPU.Build.0 = Debug|Any CPU
		{90B57929-FB75-4A82-89FE-7FB3A78AF1E6}.Debug|Mixed Platforms.ActiveCfg = Debug|Any CPU
		{90B57929-FB75-4A82-89FE-7FB3A78AF1E6}.Debug|Mixed Platforms.Build.0 = Debug|Any CPU
		{90B57929-FB75-4A82-89FE-7FB3A78AF1E6}.Debug|x86.ActiveCfg = Debug|Any CPU
		{90B57929-FB75-4A82-89FE-7FB3A78AF1E6}.Release|Any CPU.ActiveCfg = Release|Any CPU
		{90B57929-FB75-4A82-89FE-7FB3A78AF1E6}.Release|Any CPU.Build.0 = Release|Any CPU
		{90B57929-FB75-4A82-89FE-7FB3A78AF1E6}.Release|Mixed Platforms.ActiveCfg = Release|Any CPU
		{90B57929-FB75-4A82-89FE-7FB3A78AF1E6}.Release|Mixed Platforms.Build.0 = Release|Any CPU
		{90B57929-FB75-4A82-89FE-7FB3A78AF1E6}.Release|x86.ActiveCfg = Release|Any CPU
		{60F18835-CC07-4B02-B8ED-5D77026506B7}.Debug|Any CPU.ActiveCfg = Debug|Any CPU
		{60F18835-CC07-4B02-B8ED-5D77026506B7}.Debug|Any CPU.Build.0 = Debug|Any CPU
		{60F18835-CC07-4B02-B8ED-5D77026506B7}.Debug|Mixed Platforms.ActiveCfg = Debug|Any CPU
		{60F18835-CC07-4B02-B8ED-5D77026506B7}.Debug|Mixed Platforms.Build.0 = Debug|Any CPU
		{60F18835-CC07-4B02-B8ED-5D77026506B7}.Debug|x86.ActiveCfg = Debug|Any CPU
		{60F18835-CC07-4B02-B8ED-5D77026506B7}.Release|Any CPU.ActiveCfg = Release|Any CPU
		{60F18835-CC07-4B02-B8ED-5D77026506B7}.Release|Any CPU.Build.0 = Release|Any CPU
		{60F18835-CC07-4B02-B8ED-5D77026506B7}.Release|Mixed Platforms.ActiveCfg = Release|Any CPU
		{60F18835-CC07-4B02-B8ED-5D77026506B7}.Release|Mixed Platforms.Build.0 = Release|Any CPU
		{60F18835-CC07-4B02-B8ED-5D77026506B7}.Release|x86.ActiveCfg = Release|Any CPU
		{64763A13-6737-4B23-A474-A0F55E45E140}.Debug|Any CPU.ActiveCfg = Debug|Any CPU
		{64763A13-6737-4B23-A474-A0F55E45E140}.Debug|Any CPU.Build.0 = Debug|Any CPU
		{64763A13-6737-4B23-A474-A0F55E45E140}.Debug|Mixed Platforms.ActiveCfg = Debug|Any CPU
		{64763A13-6737-4B23-A474-A0F55E45E140}.Debug|Mixed Platforms.Build.0 = Debug|Any CPU
		{64763A13-6737-4B23-A474-A0F55E45E140}.Debug|x86.ActiveCfg = Debug|Any CPU
		{64763A13-6737-4B23-A474-A0F55E45E140}.Release|Any CPU.ActiveCfg = Release|Any CPU
		{64763A13-6737-4B23-A474-A0F55E45E140}.Release|Any CPU.Build.0 = Release|Any CPU
		{64763A13-6737-4B23-A474-A0F55E45E140}.Release|Mixed Platforms.ActiveCfg = Release|Any CPU
		{64763A13-6737-4B23-A474-A0F55E45E140}.Release|Mixed Platforms.Build.0 = Release|Any CPU
		{64763A13-6737-4B23-A474-A0F55E45E140}.Release|x86.ActiveCfg = Release|Any CPU
		{B0D000C0-D541-46FA-918E-85D663C464B5}.Debug|Any CPU.ActiveCfg = Debug|Any CPU
		{B0D000C0-D541-46FA-918E-85D663C464B5}.Debug|Any CPU.Build.0 = Debug|Any CPU
		{B0D000C0-D541-46FA-918E-85D663C464B5}.Debug|Mixed Platforms.ActiveCfg = Debug|Any CPU
		{B0D000C0-D541-46FA-918E-85D663C464B5}.Debug|Mixed Platforms.Build.0 = Debug|Any CPU
		{B0D000C0-D541-46FA-918E-85D663C464B5}.Debug|x86.ActiveCfg = Debug|Any CPU
		{B0D000C0-D541-46FA-918E-85D663C464B5}.Release|Any CPU.ActiveCfg = Release|Any CPU
		{B0D000C0-D541-46FA-918E-85D663C464B5}.Release|Any CPU.Build.0 = Release|Any CPU
		{B0D000C0-D541-46FA-918E-85D663C464B5}.Release|Mixed Platforms.ActiveCfg = Release|Any CPU
		{B0D000C0-D541-46FA-918E-85D663C464B5}.Release|Mixed Platforms.Build.0 = Release|Any CPU
		{B0D000C0-D541-46FA-918E-85D663C464B5}.Release|x86.ActiveCfg = Release|Any CPU
		{9D23EBD1-F435-4D69-A903-0869E30A9F58}.Debug|Any CPU.ActiveCfg = Debug|Any CPU
		{9D23EBD1-F435-4D69-A903-0869E30A9F58}.Debug|Any CPU.Build.0 = Debug|Any CPU
		{9D23EBD1-F435-4D69-A903-0869E30A9F58}.Debug|Mixed Platforms.ActiveCfg = Debug|Any CPU
		{9D23EBD1-F435-4D69-A903-0869E30A9F58}.Debug|Mixed Platforms.Build.0 = Debug|Any CPU
		{9D23EBD1-F435-4D69-A903-0869E30A9F58}.Debug|x86.ActiveCfg = Debug|Any CPU
		{9D23EBD1-F435-4D69-A903-0869E30A9F58}.Release|Any CPU.ActiveCfg = Release|Any CPU
		{9D23EBD1-F435-4D69-A903-0869E30A9F58}.Release|Any CPU.Build.0 = Release|Any CPU
		{9D23EBD1-F435-4D69-A903-0869E30A9F58}.Release|Mixed Platforms.ActiveCfg = Release|Any CPU
		{9D23EBD1-F435-4D69-A903-0869E30A9F58}.Release|Mixed Platforms.Build.0 = Release|Any CPU
		{9D23EBD1-F435-4D69-A903-0869E30A9F58}.Release|x86.ActiveCfg = Release|Any CPU
		{BD91317F-B65E-479F-B0BC-1F8F03CF4280}.Debug|Any CPU.ActiveCfg = Debug|Any CPU
		{BD91317F-B65E-479F-B0BC-1F8F03CF4280}.Debug|Any CPU.Build.0 = Debug|Any CPU
		{BD91317F-B65E-479F-B0BC-1F8F03CF4280}.Debug|Mixed Platforms.ActiveCfg = Debug|Any CPU
		{BD91317F-B65E-479F-B0BC-1F8F03CF4280}.Debug|Mixed Platforms.Build.0 = Debug|Any CPU
		{BD91317F-B65E-479F-B0BC-1F8F03CF4280}.Debug|x86.ActiveCfg = Debug|Any CPU
		{BD91317F-B65E-479F-B0BC-1F8F03CF4280}.Release|Any CPU.ActiveCfg = Release|Any CPU
		{BD91317F-B65E-479F-B0BC-1F8F03CF4280}.Release|Any CPU.Build.0 = Release|Any CPU
		{BD91317F-B65E-479F-B0BC-1F8F03CF4280}.Release|Mixed Platforms.ActiveCfg = Release|Any CPU
		{BD91317F-B65E-479F-B0BC-1F8F03CF4280}.Release|Mixed Platforms.Build.0 = Release|Any CPU
		{BD91317F-B65E-479F-B0BC-1F8F03CF4280}.Release|x86.ActiveCfg = Release|Any CPU
		{EB29865F-2AAB-4F0D-BE25-02EF051E988D}.Debug|Any CPU.ActiveCfg = Debug|Any CPU
		{EB29865F-2AAB-4F0D-BE25-02EF051E988D}.Debug|Any CPU.Build.0 = Debug|Any CPU
		{EB29865F-2AAB-4F0D-BE25-02EF051E988D}.Debug|Mixed Platforms.ActiveCfg = Debug|Any CPU
		{EB29865F-2AAB-4F0D-BE25-02EF051E988D}.Debug|Mixed Platforms.Build.0 = Debug|Any CPU
		{EB29865F-2AAB-4F0D-BE25-02EF051E988D}.Debug|x86.ActiveCfg = Debug|Any CPU
		{EB29865F-2AAB-4F0D-BE25-02EF051E988D}.Release|Any CPU.ActiveCfg = Release|Any CPU
		{EB29865F-2AAB-4F0D-BE25-02EF051E988D}.Release|Any CPU.Build.0 = Release|Any CPU
		{EB29865F-2AAB-4F0D-BE25-02EF051E988D}.Release|Mixed Platforms.ActiveCfg = Release|Any CPU
		{EB29865F-2AAB-4F0D-BE25-02EF051E988D}.Release|Mixed Platforms.Build.0 = Release|Any CPU
		{EB29865F-2AAB-4F0D-BE25-02EF051E988D}.Release|x86.ActiveCfg = Release|Any CPU
		{C987DA38-C5A4-404B-B1C5-D922B2687455}.Debug|Any CPU.ActiveCfg = Debug|Any CPU
		{C987DA38-C5A4-404B-B1C5-D922B2687455}.Debug|Any CPU.Build.0 = Debug|Any CPU
		{C987DA38-C5A4-404B-B1C5-D922B2687455}.Debug|Mixed Platforms.ActiveCfg = Debug|Any CPU
		{C987DA38-C5A4-404B-B1C5-D922B2687455}.Debug|Mixed Platforms.Build.0 = Debug|Any CPU
		{C987DA38-C5A4-404B-B1C5-D922B2687455}.Debug|x86.ActiveCfg = Debug|Any CPU
		{C987DA38-C5A4-404B-B1C5-D922B2687455}.Release|Any CPU.ActiveCfg = Release|Any CPU
		{C987DA38-C5A4-404B-B1C5-D922B2687455}.Release|Any CPU.Build.0 = Release|Any CPU
		{C987DA38-C5A4-404B-B1C5-D922B2687455}.Release|Mixed Platforms.ActiveCfg = Release|Any CPU
		{C987DA38-C5A4-404B-B1C5-D922B2687455}.Release|Mixed Platforms.Build.0 = Release|Any CPU
		{C987DA38-C5A4-404B-B1C5-D922B2687455}.Release|x86.ActiveCfg = Release|Any CPU
		{A326C5AE-E14B-4214-9E67-5D89ABEE2DC3}.Debug|Any CPU.ActiveCfg = Debug|Any CPU
		{A326C5AE-E14B-4214-9E67-5D89ABEE2DC3}.Debug|Any CPU.Build.0 = Debug|Any CPU
		{A326C5AE-E14B-4214-9E67-5D89ABEE2DC3}.Debug|Mixed Platforms.ActiveCfg = Debug|Any CPU
		{A326C5AE-E14B-4214-9E67-5D89ABEE2DC3}.Debug|Mixed Platforms.Build.0 = Debug|Any CPU
		{A326C5AE-E14B-4214-9E67-5D89ABEE2DC3}.Debug|x86.ActiveCfg = Debug|Any CPU
		{A326C5AE-E14B-4214-9E67-5D89ABEE2DC3}.Release|Any CPU.ActiveCfg = Release|Any CPU
		{A326C5AE-E14B-4214-9E67-5D89ABEE2DC3}.Release|Any CPU.Build.0 = Release|Any CPU
		{A326C5AE-E14B-4214-9E67-5D89ABEE2DC3}.Release|Mixed Platforms.ActiveCfg = Release|Any CPU
		{A326C5AE-E14B-4214-9E67-5D89ABEE2DC3}.Release|Mixed Platforms.Build.0 = Release|Any CPU
		{A326C5AE-E14B-4214-9E67-5D89ABEE2DC3}.Release|x86.ActiveCfg = Release|Any CPU
		{34A93D23-E911-480A-8706-F9B5E921629D}.Debug|Any CPU.ActiveCfg = Debug|Any CPU
		{34A93D23-E911-480A-8706-F9B5E921629D}.Debug|Any CPU.Build.0 = Debug|Any CPU
		{34A93D23-E911-480A-8706-F9B5E921629D}.Debug|Mixed Platforms.ActiveCfg = Debug|Any CPU
		{34A93D23-E911-480A-8706-F9B5E921629D}.Debug|Mixed Platforms.Build.0 = Debug|Any CPU
		{34A93D23-E911-480A-8706-F9B5E921629D}.Debug|x86.ActiveCfg = Debug|Any CPU
		{34A93D23-E911-480A-8706-F9B5E921629D}.Release|Any CPU.ActiveCfg = Release|Any CPU
		{34A93D23-E911-480A-8706-F9B5E921629D}.Release|Any CPU.Build.0 = Release|Any CPU
		{34A93D23-E911-480A-8706-F9B5E921629D}.Release|Mixed Platforms.ActiveCfg = Release|Any CPU
		{34A93D23-E911-480A-8706-F9B5E921629D}.Release|Mixed Platforms.Build.0 = Release|Any CPU
		{34A93D23-E911-480A-8706-F9B5E921629D}.Release|x86.ActiveCfg = Release|Any CPU
		{B11AEEC7-1EB7-4F53-A429-217686964E95}.Debug|Any CPU.ActiveCfg = Debug|Any CPU
		{B11AEEC7-1EB7-4F53-A429-217686964E95}.Debug|Any CPU.Build.0 = Debug|Any CPU
		{B11AEEC7-1EB7-4F53-A429-217686964E95}.Debug|Mixed Platforms.ActiveCfg = Debug|Any CPU
		{B11AEEC7-1EB7-4F53-A429-217686964E95}.Debug|Mixed Platforms.Build.0 = Debug|Any CPU
		{B11AEEC7-1EB7-4F53-A429-217686964E95}.Debug|x86.ActiveCfg = Debug|Any CPU
		{B11AEEC7-1EB7-4F53-A429-217686964E95}.Release|Any CPU.ActiveCfg = Release|Any CPU
		{B11AEEC7-1EB7-4F53-A429-217686964E95}.Release|Any CPU.Build.0 = Release|Any CPU
		{B11AEEC7-1EB7-4F53-A429-217686964E95}.Release|Mixed Platforms.ActiveCfg = Release|Any CPU
		{B11AEEC7-1EB7-4F53-A429-217686964E95}.Release|Mixed Platforms.Build.0 = Release|Any CPU
		{B11AEEC7-1EB7-4F53-A429-217686964E95}.Release|x86.ActiveCfg = Release|Any CPU
		{62B28B3E-5310-4FFB-9C48-AB4A7276BED9}.Debug|Any CPU.ActiveCfg = Debug|Any CPU
		{62B28B3E-5310-4FFB-9C48-AB4A7276BED9}.Debug|Any CPU.Build.0 = Debug|Any CPU
		{62B28B3E-5310-4FFB-9C48-AB4A7276BED9}.Debug|Mixed Platforms.ActiveCfg = Debug|Any CPU
		{62B28B3E-5310-4FFB-9C48-AB4A7276BED9}.Debug|Mixed Platforms.Build.0 = Debug|Any CPU
		{62B28B3E-5310-4FFB-9C48-AB4A7276BED9}.Debug|x86.ActiveCfg = Debug|Any CPU
		{62B28B3E-5310-4FFB-9C48-AB4A7276BED9}.Release|Any CPU.ActiveCfg = Release|Any CPU
		{62B28B3E-5310-4FFB-9C48-AB4A7276BED9}.Release|Any CPU.Build.0 = Release|Any CPU
		{62B28B3E-5310-4FFB-9C48-AB4A7276BED9}.Release|Mixed Platforms.ActiveCfg = Release|Any CPU
		{62B28B3E-5310-4FFB-9C48-AB4A7276BED9}.Release|Mixed Platforms.Build.0 = Release|Any CPU
		{62B28B3E-5310-4FFB-9C48-AB4A7276BED9}.Release|x86.ActiveCfg = Release|Any CPU
		{CC06E439-198E-47BB-8DA8-3A52F05DD789}.Debug|Any CPU.ActiveCfg = Debug|Any CPU
		{CC06E439-198E-47BB-8DA8-3A52F05DD789}.Debug|Any CPU.Build.0 = Debug|Any CPU
		{CC06E439-198E-47BB-8DA8-3A52F05DD789}.Debug|Mixed Platforms.ActiveCfg = Debug|Any CPU
		{CC06E439-198E-47BB-8DA8-3A52F05DD789}.Debug|Mixed Platforms.Build.0 = Debug|Any CPU
		{CC06E439-198E-47BB-8DA8-3A52F05DD789}.Debug|x86.ActiveCfg = Debug|Any CPU
		{CC06E439-198E-47BB-8DA8-3A52F05DD789}.Release|Any CPU.ActiveCfg = Release|Any CPU
		{CC06E439-198E-47BB-8DA8-3A52F05DD789}.Release|Any CPU.Build.0 = Release|Any CPU
		{CC06E439-198E-47BB-8DA8-3A52F05DD789}.Release|Mixed Platforms.ActiveCfg = Release|Any CPU
		{CC06E439-198E-47BB-8DA8-3A52F05DD789}.Release|Mixed Platforms.Build.0 = Release|Any CPU
		{CC06E439-198E-47BB-8DA8-3A52F05DD789}.Release|x86.ActiveCfg = Release|Any CPU
		{1D181506-8BA6-4C89-9237-5904DA1131B3}.Debug|Any CPU.ActiveCfg = Debug|Any CPU
		{1D181506-8BA6-4C89-9237-5904DA1131B3}.Debug|Any CPU.Build.0 = Debug|Any CPU
		{1D181506-8BA6-4C89-9237-5904DA1131B3}.Debug|Mixed Platforms.ActiveCfg = Debug|Any CPU
		{1D181506-8BA6-4C89-9237-5904DA1131B3}.Debug|Mixed Platforms.Build.0 = Debug|Any CPU
		{1D181506-8BA6-4C89-9237-5904DA1131B3}.Debug|x86.ActiveCfg = Debug|Any CPU
		{1D181506-8BA6-4C89-9237-5904DA1131B3}.Release|Any CPU.ActiveCfg = Release|Any CPU
		{1D181506-8BA6-4C89-9237-5904DA1131B3}.Release|Any CPU.Build.0 = Release|Any CPU
		{1D181506-8BA6-4C89-9237-5904DA1131B3}.Release|Mixed Platforms.ActiveCfg = Release|Any CPU
		{1D181506-8BA6-4C89-9237-5904DA1131B3}.Release|Mixed Platforms.Build.0 = Release|Any CPU
		{1D181506-8BA6-4C89-9237-5904DA1131B3}.Release|x86.ActiveCfg = Release|Any CPU
		{43ED07B2-2C0B-42A2-B677-A08FD90252B3}.Debug|Any CPU.ActiveCfg = Debug|Any CPU
		{43ED07B2-2C0B-42A2-B677-A08FD90252B3}.Debug|Any CPU.Build.0 = Debug|Any CPU
		{43ED07B2-2C0B-42A2-B677-A08FD90252B3}.Debug|Mixed Platforms.ActiveCfg = Debug|Any CPU
		{43ED07B2-2C0B-42A2-B677-A08FD90252B3}.Debug|Mixed Platforms.Build.0 = Debug|Any CPU
		{43ED07B2-2C0B-42A2-B677-A08FD90252B3}.Debug|x86.ActiveCfg = Debug|Any CPU
		{43ED07B2-2C0B-42A2-B677-A08FD90252B3}.Release|Any CPU.ActiveCfg = Release|Any CPU
		{43ED07B2-2C0B-42A2-B677-A08FD90252B3}.Release|Any CPU.Build.0 = Release|Any CPU
		{43ED07B2-2C0B-42A2-B677-A08FD90252B3}.Release|Mixed Platforms.ActiveCfg = Release|Any CPU
		{43ED07B2-2C0B-42A2-B677-A08FD90252B3}.Release|Mixed Platforms.Build.0 = Release|Any CPU
		{43ED07B2-2C0B-42A2-B677-A08FD90252B3}.Release|x86.ActiveCfg = Release|Any CPU
		{93501A62-0F0B-43F0-8D6A-E41BCDB7C6A8}.Debug|Any CPU.ActiveCfg = Debug|Any CPU
		{93501A62-0F0B-43F0-8D6A-E41BCDB7C6A8}.Debug|Any CPU.Build.0 = Debug|Any CPU
		{93501A62-0F0B-43F0-8D6A-E41BCDB7C6A8}.Debug|Mixed Platforms.ActiveCfg = Debug|Any CPU
		{93501A62-0F0B-43F0-8D6A-E41BCDB7C6A8}.Debug|Mixed Platforms.Build.0 = Debug|Any CPU
		{93501A62-0F0B-43F0-8D6A-E41BCDB7C6A8}.Debug|x86.ActiveCfg = Debug|Any CPU
		{93501A62-0F0B-43F0-8D6A-E41BCDB7C6A8}.Release|Any CPU.ActiveCfg = Release|Any CPU
		{93501A62-0F0B-43F0-8D6A-E41BCDB7C6A8}.Release|Any CPU.Build.0 = Release|Any CPU
		{93501A62-0F0B-43F0-8D6A-E41BCDB7C6A8}.Release|Mixed Platforms.ActiveCfg = Release|Any CPU
		{93501A62-0F0B-43F0-8D6A-E41BCDB7C6A8}.Release|Mixed Platforms.Build.0 = Release|Any CPU
		{93501A62-0F0B-43F0-8D6A-E41BCDB7C6A8}.Release|x86.ActiveCfg = Release|Any CPU
		{C391E2BE-45B9-4263-BF4C-5CF7800E4246}.Debug|Any CPU.ActiveCfg = Debug|Any CPU
		{C391E2BE-45B9-4263-BF4C-5CF7800E4246}.Debug|Any CPU.Build.0 = Debug|Any CPU
		{C391E2BE-45B9-4263-BF4C-5CF7800E4246}.Debug|Mixed Platforms.ActiveCfg = Debug|Any CPU
		{C391E2BE-45B9-4263-BF4C-5CF7800E4246}.Debug|Mixed Platforms.Build.0 = Debug|Any CPU
		{C391E2BE-45B9-4263-BF4C-5CF7800E4246}.Debug|x86.ActiveCfg = Debug|Any CPU
		{C391E2BE-45B9-4263-BF4C-5CF7800E4246}.Release|Any CPU.ActiveCfg = Release|Any CPU
		{C391E2BE-45B9-4263-BF4C-5CF7800E4246}.Release|Any CPU.Build.0 = Release|Any CPU
		{C391E2BE-45B9-4263-BF4C-5CF7800E4246}.Release|Mixed Platforms.ActiveCfg = Release|Any CPU
		{C391E2BE-45B9-4263-BF4C-5CF7800E4246}.Release|Mixed Platforms.Build.0 = Release|Any CPU
		{C391E2BE-45B9-4263-BF4C-5CF7800E4246}.Release|x86.ActiveCfg = Release|Any CPU
		{45FEEFEB-62A8-437E-A0A7-11D29257EA83}.Debug|Any CPU.ActiveCfg = Debug|Any CPU
		{45FEEFEB-62A8-437E-A0A7-11D29257EA83}.Debug|Any CPU.Build.0 = Debug|Any CPU
		{45FEEFEB-62A8-437E-A0A7-11D29257EA83}.Debug|Mixed Platforms.ActiveCfg = Debug|Any CPU
		{45FEEFEB-62A8-437E-A0A7-11D29257EA83}.Debug|Mixed Platforms.Build.0 = Debug|Any CPU
		{45FEEFEB-62A8-437E-A0A7-11D29257EA83}.Debug|x86.ActiveCfg = Debug|Any CPU
		{45FEEFEB-62A8-437E-A0A7-11D29257EA83}.Release|Any CPU.ActiveCfg = Release|Any CPU
		{45FEEFEB-62A8-437E-A0A7-11D29257EA83}.Release|Any CPU.Build.0 = Release|Any CPU
		{45FEEFEB-62A8-437E-A0A7-11D29257EA83}.Release|Mixed Platforms.ActiveCfg = Release|Any CPU
		{45FEEFEB-62A8-437E-A0A7-11D29257EA83}.Release|Mixed Platforms.Build.0 = Release|Any CPU
		{45FEEFEB-62A8-437E-A0A7-11D29257EA83}.Release|x86.ActiveCfg = Release|Any CPU
		{BC9E6835-96D1-4B51-8A81-5764273CF035}.Debug|Any CPU.ActiveCfg = Debug|Any CPU
		{BC9E6835-96D1-4B51-8A81-5764273CF035}.Debug|Any CPU.Build.0 = Debug|Any CPU
		{BC9E6835-96D1-4B51-8A81-5764273CF035}.Debug|Mixed Platforms.ActiveCfg = Debug|Any CPU
		{BC9E6835-96D1-4B51-8A81-5764273CF035}.Debug|Mixed Platforms.Build.0 = Debug|Any CPU
		{BC9E6835-96D1-4B51-8A81-5764273CF035}.Debug|x86.ActiveCfg = Debug|Any CPU
		{BC9E6835-96D1-4B51-8A81-5764273CF035}.Release|Any CPU.ActiveCfg = Release|Any CPU
		{BC9E6835-96D1-4B51-8A81-5764273CF035}.Release|Any CPU.Build.0 = Release|Any CPU
		{BC9E6835-96D1-4B51-8A81-5764273CF035}.Release|Mixed Platforms.ActiveCfg = Release|Any CPU
		{BC9E6835-96D1-4B51-8A81-5764273CF035}.Release|Mixed Platforms.Build.0 = Release|Any CPU
		{BC9E6835-96D1-4B51-8A81-5764273CF035}.Release|x86.ActiveCfg = Release|Any CPU
		{9F2D8163-890E-4687-AC93-44AE35068A32}.Debug|Any CPU.ActiveCfg = Debug|Any CPU
		{9F2D8163-890E-4687-AC93-44AE35068A32}.Debug|Any CPU.Build.0 = Debug|Any CPU
		{9F2D8163-890E-4687-AC93-44AE35068A32}.Debug|Mixed Platforms.ActiveCfg = Debug|Any CPU
		{9F2D8163-890E-4687-AC93-44AE35068A32}.Debug|Mixed Platforms.Build.0 = Debug|Any CPU
		{9F2D8163-890E-4687-AC93-44AE35068A32}.Debug|x86.ActiveCfg = Debug|Any CPU
		{9F2D8163-890E-4687-AC93-44AE35068A32}.Release|Any CPU.ActiveCfg = Release|Any CPU
		{9F2D8163-890E-4687-AC93-44AE35068A32}.Release|Any CPU.Build.0 = Release|Any CPU
		{9F2D8163-890E-4687-AC93-44AE35068A32}.Release|Mixed Platforms.ActiveCfg = Release|Any CPU
		{9F2D8163-890E-4687-AC93-44AE35068A32}.Release|Mixed Platforms.Build.0 = Release|Any CPU
		{9F2D8163-890E-4687-AC93-44AE35068A32}.Release|x86.ActiveCfg = Release|Any CPU
		{4CCB6AA1-879A-447C-A1C2-3CF64C3BC549}.Debug|Any CPU.ActiveCfg = Debug|Any CPU
		{4CCB6AA1-879A-447C-A1C2-3CF64C3BC549}.Debug|Any CPU.Build.0 = Debug|Any CPU
		{4CCB6AA1-879A-447C-A1C2-3CF64C3BC549}.Debug|Mixed Platforms.ActiveCfg = Debug|Any CPU
		{4CCB6AA1-879A-447C-A1C2-3CF64C3BC549}.Debug|Mixed Platforms.Build.0 = Debug|Any CPU
		{4CCB6AA1-879A-447C-A1C2-3CF64C3BC549}.Debug|x86.ActiveCfg = Debug|Any CPU
		{4CCB6AA1-879A-447C-A1C2-3CF64C3BC549}.Release|Any CPU.ActiveCfg = Release|Any CPU
		{4CCB6AA1-879A-447C-A1C2-3CF64C3BC549}.Release|Any CPU.Build.0 = Release|Any CPU
		{4CCB6AA1-879A-447C-A1C2-3CF64C3BC549}.Release|Mixed Platforms.ActiveCfg = Release|Any CPU
		{4CCB6AA1-879A-447C-A1C2-3CF64C3BC549}.Release|Mixed Platforms.Build.0 = Release|Any CPU
		{4CCB6AA1-879A-447C-A1C2-3CF64C3BC549}.Release|x86.ActiveCfg = Release|Any CPU
		{E28C159A-FC90-4ABA-8270-5AEF8EE41F75}.Debug|Any CPU.ActiveCfg = Debug|Any CPU
		{E28C159A-FC90-4ABA-8270-5AEF8EE41F75}.Debug|Any CPU.Build.0 = Debug|Any CPU
		{E28C159A-FC90-4ABA-8270-5AEF8EE41F75}.Debug|Mixed Platforms.ActiveCfg = Debug|Any CPU
		{E28C159A-FC90-4ABA-8270-5AEF8EE41F75}.Debug|Mixed Platforms.Build.0 = Debug|Any CPU
		{E28C159A-FC90-4ABA-8270-5AEF8EE41F75}.Debug|x86.ActiveCfg = Debug|Any CPU
		{E28C159A-FC90-4ABA-8270-5AEF8EE41F75}.Release|Any CPU.ActiveCfg = Release|Any CPU
		{E28C159A-FC90-4ABA-8270-5AEF8EE41F75}.Release|Any CPU.Build.0 = Release|Any CPU
		{E28C159A-FC90-4ABA-8270-5AEF8EE41F75}.Release|Mixed Platforms.ActiveCfg = Release|Any CPU
		{E28C159A-FC90-4ABA-8270-5AEF8EE41F75}.Release|Mixed Platforms.Build.0 = Release|Any CPU
		{E28C159A-FC90-4ABA-8270-5AEF8EE41F75}.Release|x86.ActiveCfg = Release|Any CPU
		{6B2603AB-6F8F-4DD6-B428-8B4BB5BD49AC}.Debug|Any CPU.ActiveCfg = Debug|Any CPU
		{6B2603AB-6F8F-4DD6-B428-8B4BB5BD49AC}.Debug|Any CPU.Build.0 = Debug|Any CPU
		{6B2603AB-6F8F-4DD6-B428-8B4BB5BD49AC}.Debug|Mixed Platforms.ActiveCfg = Debug|Any CPU
		{6B2603AB-6F8F-4DD6-B428-8B4BB5BD49AC}.Debug|Mixed Platforms.Build.0 = Debug|Any CPU
		{6B2603AB-6F8F-4DD6-B428-8B4BB5BD49AC}.Debug|x86.ActiveCfg = Debug|Any CPU
		{6B2603AB-6F8F-4DD6-B428-8B4BB5BD49AC}.Release|Any CPU.ActiveCfg = Release|Any CPU
		{6B2603AB-6F8F-4DD6-B428-8B4BB5BD49AC}.Release|Any CPU.Build.0 = Release|Any CPU
		{6B2603AB-6F8F-4DD6-B428-8B4BB5BD49AC}.Release|Mixed Platforms.ActiveCfg = Release|Any CPU
		{6B2603AB-6F8F-4DD6-B428-8B4BB5BD49AC}.Release|Mixed Platforms.Build.0 = Release|Any CPU
		{6B2603AB-6F8F-4DD6-B428-8B4BB5BD49AC}.Release|x86.ActiveCfg = Release|Any CPU
		{15DAA2B7-7569-48C6-A3FC-494664B20D20}.Debug|Any CPU.ActiveCfg = Debug|Any CPU
		{15DAA2B7-7569-48C6-A3FC-494664B20D20}.Debug|Any CPU.Build.0 = Debug|Any CPU
		{15DAA2B7-7569-48C6-A3FC-494664B20D20}.Debug|Mixed Platforms.ActiveCfg = Debug|Any CPU
		{15DAA2B7-7569-48C6-A3FC-494664B20D20}.Debug|Mixed Platforms.Build.0 = Debug|Any CPU
		{15DAA2B7-7569-48C6-A3FC-494664B20D20}.Debug|x86.ActiveCfg = Debug|Any CPU
		{15DAA2B7-7569-48C6-A3FC-494664B20D20}.Release|Any CPU.ActiveCfg = Release|Any CPU
		{15DAA2B7-7569-48C6-A3FC-494664B20D20}.Release|Any CPU.Build.0 = Release|Any CPU
		{15DAA2B7-7569-48C6-A3FC-494664B20D20}.Release|Mixed Platforms.ActiveCfg = Release|Any CPU
		{15DAA2B7-7569-48C6-A3FC-494664B20D20}.Release|Mixed Platforms.Build.0 = Release|Any CPU
		{15DAA2B7-7569-48C6-A3FC-494664B20D20}.Release|x86.ActiveCfg = Release|Any CPU
		{CC7FE158-38CA-4828-B401-A699FAE2297F}.Debug|Any CPU.ActiveCfg = Debug|Any CPU
		{CC7FE158-38CA-4828-B401-A699FAE2297F}.Debug|Any CPU.Build.0 = Debug|Any CPU
		{CC7FE158-38CA-4828-B401-A699FAE2297F}.Debug|Mixed Platforms.ActiveCfg = Debug|Any CPU
		{CC7FE158-38CA-4828-B401-A699FAE2297F}.Debug|Mixed Platforms.Build.0 = Debug|Any CPU
		{CC7FE158-38CA-4828-B401-A699FAE2297F}.Debug|x86.ActiveCfg = Debug|Any CPU
		{CC7FE158-38CA-4828-B401-A699FAE2297F}.Release|Any CPU.ActiveCfg = Release|Any CPU
		{CC7FE158-38CA-4828-B401-A699FAE2297F}.Release|Any CPU.Build.0 = Release|Any CPU
		{CC7FE158-38CA-4828-B401-A699FAE2297F}.Release|Mixed Platforms.ActiveCfg = Release|Any CPU
		{CC7FE158-38CA-4828-B401-A699FAE2297F}.Release|Mixed Platforms.Build.0 = Release|Any CPU
		{CC7FE158-38CA-4828-B401-A699FAE2297F}.Release|x86.ActiveCfg = Release|Any CPU
		{2FAFD7D9-9BBA-4DB8-AB0E-CCAE647B6C95}.Debug|Any CPU.ActiveCfg = Debug|Any CPU
		{2FAFD7D9-9BBA-4DB8-AB0E-CCAE647B6C95}.Debug|Any CPU.Build.0 = Debug|Any CPU
		{2FAFD7D9-9BBA-4DB8-AB0E-CCAE647B6C95}.Debug|Mixed Platforms.ActiveCfg = Debug|Any CPU
		{2FAFD7D9-9BBA-4DB8-AB0E-CCAE647B6C95}.Debug|Mixed Platforms.Build.0 = Debug|Any CPU
		{2FAFD7D9-9BBA-4DB8-AB0E-CCAE647B6C95}.Debug|x86.ActiveCfg = Debug|Any CPU
		{2FAFD7D9-9BBA-4DB8-AB0E-CCAE647B6C95}.Release|Any CPU.ActiveCfg = Release|Any CPU
		{2FAFD7D9-9BBA-4DB8-AB0E-CCAE647B6C95}.Release|Any CPU.Build.0 = Release|Any CPU
		{2FAFD7D9-9BBA-4DB8-AB0E-CCAE647B6C95}.Release|Mixed Platforms.ActiveCfg = Release|Any CPU
		{2FAFD7D9-9BBA-4DB8-AB0E-CCAE647B6C95}.Release|Mixed Platforms.Build.0 = Release|Any CPU
		{2FAFD7D9-9BBA-4DB8-AB0E-CCAE647B6C95}.Release|x86.ActiveCfg = Release|Any CPU
		{32547645-D219-4367-B7E6-97ED3D30698B}.Debug|Any CPU.ActiveCfg = Debug|Any CPU
		{32547645-D219-4367-B7E6-97ED3D30698B}.Debug|Any CPU.Build.0 = Debug|Any CPU
		{32547645-D219-4367-B7E6-97ED3D30698B}.Debug|Mixed Platforms.ActiveCfg = Debug|Any CPU
		{32547645-D219-4367-B7E6-97ED3D30698B}.Debug|Mixed Platforms.Build.0 = Debug|Any CPU
		{32547645-D219-4367-B7E6-97ED3D30698B}.Debug|x86.ActiveCfg = Debug|Any CPU
		{32547645-D219-4367-B7E6-97ED3D30698B}.Release|Any CPU.ActiveCfg = Release|Any CPU
		{32547645-D219-4367-B7E6-97ED3D30698B}.Release|Any CPU.Build.0 = Release|Any CPU
		{32547645-D219-4367-B7E6-97ED3D30698B}.Release|Mixed Platforms.ActiveCfg = Release|Any CPU
		{32547645-D219-4367-B7E6-97ED3D30698B}.Release|Mixed Platforms.Build.0 = Release|Any CPU
		{32547645-D219-4367-B7E6-97ED3D30698B}.Release|x86.ActiveCfg = Release|Any CPU
		{85913328-5853-4E33-BB8D-2AB9D248E6C4}.Debug|Any CPU.ActiveCfg = Debug|Any CPU
		{85913328-5853-4E33-BB8D-2AB9D248E6C4}.Debug|Any CPU.Build.0 = Debug|Any CPU
		{85913328-5853-4E33-BB8D-2AB9D248E6C4}.Debug|Mixed Platforms.ActiveCfg = Debug|Any CPU
		{85913328-5853-4E33-BB8D-2AB9D248E6C4}.Debug|Mixed Platforms.Build.0 = Debug|Any CPU
		{85913328-5853-4E33-BB8D-2AB9D248E6C4}.Debug|x86.ActiveCfg = Debug|Any CPU
		{85913328-5853-4E33-BB8D-2AB9D248E6C4}.Release|Any CPU.ActiveCfg = Release|Any CPU
		{85913328-5853-4E33-BB8D-2AB9D248E6C4}.Release|Any CPU.Build.0 = Release|Any CPU
		{85913328-5853-4E33-BB8D-2AB9D248E6C4}.Release|Mixed Platforms.ActiveCfg = Release|Any CPU
		{85913328-5853-4E33-BB8D-2AB9D248E6C4}.Release|Mixed Platforms.Build.0 = Release|Any CPU
		{85913328-5853-4E33-BB8D-2AB9D248E6C4}.Release|x86.ActiveCfg = Release|Any CPU
		{14326B47-EF01-40C1-9BC0-3EC40FE07058}.Debug|Any CPU.ActiveCfg = Debug|Any CPU
		{14326B47-EF01-40C1-9BC0-3EC40FE07058}.Debug|Any CPU.Build.0 = Debug|Any CPU
		{14326B47-EF01-40C1-9BC0-3EC40FE07058}.Debug|Mixed Platforms.ActiveCfg = Debug|Any CPU
		{14326B47-EF01-40C1-9BC0-3EC40FE07058}.Debug|Mixed Platforms.Build.0 = Debug|Any CPU
		{14326B47-EF01-40C1-9BC0-3EC40FE07058}.Debug|x86.ActiveCfg = Debug|Any CPU
		{14326B47-EF01-40C1-9BC0-3EC40FE07058}.Release|Any CPU.ActiveCfg = Release|Any CPU
		{14326B47-EF01-40C1-9BC0-3EC40FE07058}.Release|Any CPU.Build.0 = Release|Any CPU
		{14326B47-EF01-40C1-9BC0-3EC40FE07058}.Release|Mixed Platforms.ActiveCfg = Release|Any CPU
		{14326B47-EF01-40C1-9BC0-3EC40FE07058}.Release|Mixed Platforms.Build.0 = Release|Any CPU
		{14326B47-EF01-40C1-9BC0-3EC40FE07058}.Release|x86.ActiveCfg = Release|Any CPU
	EndGlobalSection
	GlobalSection(SolutionProperties) = preSolution
		HideSolutionNode = FALSE
	EndGlobalSection
EndGlobal
